
Microsoft Visual Studio Solution File, Format Version 12.00
# Visual Studio Version 17
VisualStudioVersion = 17.11.35312.102
MinimumVisualStudioVersion = 10.0.40219.1
Project("{FAE04EC0-301F-11D3-BF4B-00C04F79EFBC}") = "AutoBak2", "AutoBak2\AutoBak2.csproj", "{34C5368E-546D-49F1-9BF9-BA2C1D00C7A3}"
EndProject
Global
	GlobalSection(SolutionConfigurationPlatforms) = preSolution
		Debug|Any CPU = Debug|Any CPU
		Release|Any CPU = Release|Any CPU
	EndGlobalSection
	GlobalSection(ProjectConfigurationPlatforms) = postSolution
		{34C5368E-546D-49F1-9BF9-BA2C1D00C7A3}.Debug|Any CPU.ActiveCfg = Debug|Any CPU
		{34C5368E-546D-49F1-9BF9-BA2C1D00C7A3}.Debug|Any CPU.Build.0 = Debug|Any CPU
		{34C5368E-546D-49F1-9BF9-BA2C1D00C7A3}.Release|Any CPU.ActiveCfg = Release|Any CPU
		{34C5368E-546D-49F1-9BF9-BA2C1D00C7A3}.Release|Any CPU.Build.0 = Release|Any CPU
	EndGlobalSection
	GlobalSection(SolutionProperties) = preSolution
		HideSolutionNode = FALSE
	EndGlobalSection
	GlobalSection(ExtensibilityGlobals) = postSolution
		SolutionGuid = {D7487868-9591-4B53-8C3B-1DAD896C6370}
	EndGlobalSection
EndGlobal
